// !$*UTF8*$!
{
	archiveVersion = 1;
	classes = {
	};
	objectVersion = 90;
	objects = {

/* Begin PBXBuildFile section */
		1AAD2F172F075287004C1B0A /* AWDLControlHelper in Copy Helper */ = {isa = PBXBuildFile; fileRef = 1AAD2F042F05FAEB004C1B0A /* AWDLControlHelper */; settings = {ATTRIBUTES = (CodeSignOnCopy, ); }; };
		1AAE44052F0A097D004A3512 /* README.md in Resources */ = {isa = PBXBuildFile; fileRef = 1AAE44042F0A097D004A3512 /* README.md */; };
		1AAE440F2F0A1D95004A3512 /* LICENSE.txt in Resources */ = {isa = PBXBuildFile; fileRef = 1AAE440E2F0A1D95004A3512 /* LICENSE.txt */; };
/* End PBXBuildFile section */

/* Begin PBXContainerItemProxy section */
		1AAD2F142F075146004C1B0A /* PBXContainerItemProxy */ = {
			isa = PBXContainerItemProxy;
			containerPortal = 1AAD2EE62F05FAB6004C1B0A /* Project object */;
			proxyType = 1;
			remoteGlobalIDString = 1AAD2F032F05FAEB004C1B0A;
			remoteInfo = AWDLControlHelper;
		};
/* End PBXContainerItemProxy section */

/* Begin PBXCopyFilesBuildPhase section */
		1AAD2F022F05FAEB004C1B0A /* CopyFiles */ = {
			isa = PBXCopyFilesBuildPhase;
			dstPath = /usr/share/man/man1/;
			dstSubfolder = None;
			files = (
			);
			runOnlyForDeploymentPostprocessing = 1;
		};
		1AAD2F0C2F05FBAA004C1B0A /* Copy Helper Plist */ = {
			isa = PBXCopyFilesBuildPhase;
			dstPath = Contents/Library/LaunchDaemons;
			dstSubfolder = Wrapper;
			files = (
			);
			name = "Copy Helper Plist";
		};
		1AAD2F162F0751E0004C1B0A /* Copy Helper */ = {
			isa = PBXCopyFilesBuildPhase;
			dstPath = "";
			dstSubfolder = Executables;
			files = (
				1AAD2F172F075287004C1B0A /* AWDLControlHelper in Copy Helper */,
			);
			name = "Copy Helper";
		};
/* End PBXCopyFilesBuildPhase section */

/* Begin PBXFileReference section */
		1AAD2EEE2F05FAB6004C1B0A /* AWDLControl.app */ = {isa = PBXFileReference; explicitFileType = wrapper.application; includeInIndex = 0; path = AWDLControl.app; sourceTree = BUILT_PRODUCTS_DIR; };
		1AAD2F042F05FAEB004C1B0A /* AWDLControlHelper */ = {isa = PBXFileReference; explicitFileType = "compiled.mach-o.executable"; includeInIndex = 0; path = AWDLControlHelper; sourceTree = BUILT_PRODUCTS_DIR; };
		1AAD2F102F05FBFE004C1B0A /* HelperProtocol.h */ = {isa = PBXFileReference; lastKnownFileType = sourcecode.c.h; path = HelperProtocol.h; sourceTree = "<group>"; };
		1AAE44042F0A097D004A3512 /* README.md */ = {isa = PBXFileReference; lastKnownFileType = net.daringfireball.markdown; path = README.md; sourceTree = "<group>"; };
		1AAE440E2F0A1D95004A3512 /* LICENSE.txt */ = {isa = PBXFileReference; lastKnownFileType = text; path = LICENSE.txt; sourceTree = "<group>"; };
/* End PBXFileReference section */

/* Begin PBXFileSystemSynchronizedBuildFileExceptionSet section */
		1AAE43F02F0A054E004A3512 /* Exceptions for "AWDLControl" folder in "AWDLControl" target */ = {
			isa = PBXFileSystemSynchronizedBuildFileExceptionSet;
			membershipExceptions = (
				Info.plist,
			);
			target = 1AAD2EED2F05FAB6004C1B0A /* AWDLControl */;
		};
/* End PBXFileSystemSynchronizedBuildFileExceptionSet section */

/* Begin PBXFileSystemSynchronizedGroupBuildPhaseMembershipExceptionSet section */
		1AAD2F0E2F05FBC9004C1B0A /* Exceptions for "AWDLControlHelper" folder in "Copy Helper Plist" phase from "AWDLControl" target */ = {
			isa = PBXFileSystemSynchronizedGroupBuildPhaseMembershipExceptionSet;
			attributesByRelativePath = {
				com.jh.AWDLControl.Helper.plist = (CodeSignOnCopy, );
			};
			buildPhase = 1AAD2F0C2F05FBAA004C1B0A /* Copy Helper Plist */;
			membershipExceptions = (
				com.jh.AWDLControl.Helper.plist,
			);
		};
/* End PBXFileSystemSynchronizedGroupBuildPhaseMembershipExceptionSet section */

/* Begin PBXFileSystemSynchronizedRootGroup section */
		1AAD2EF02F05FAB6004C1B0A /* AWDLControl */ = {
			isa = PBXFileSystemSynchronizedRootGroup;
			exceptions = (
				1AAE43F02F0A054E004A3512 /* Exceptions for "AWDLControl" folder in "AWDLControl" target */,
			);
			path = AWDLControl;
			sourceTree = "<group>";
		};
		1AAD2F052F05FAEB004C1B0A /* AWDLControlHelper */ = {
			isa = PBXFileSystemSynchronizedRootGroup;
			exceptions = (
				1AAD2F0E2F05FBC9004C1B0A /* Exceptions for "AWDLControlHelper" folder in "Copy Helper Plist" phase from "AWDLControl" target */,
			);
			path = AWDLControlHelper;
			sourceTree = "<group>";
		};
/* End PBXFileSystemSynchronizedRootGroup section */

/* Begin PBXFrameworksBuildPhase section */
		1AAD2EEB2F05FAB6004C1B0A /* Frameworks */ = {
			isa = PBXFrameworksBuildPhase;
			files = (
			);
		};
		1AAD2F012F05FAEB004C1B0A /* Frameworks */ = {
			isa = PBXFrameworksBuildPhase;
			files = (
			);
		};
/* End PBXFrameworksBuildPhase section */

/* Begin PBXGroup section */
		1AAD2EE52F05FAB6004C1B0A = {
			isa = PBXGroup;
			children = (
				1AAE440E2F0A1D95004A3512 /* LICENSE.txt */,
				1AAE44042F0A097D004A3512 /* README.md */,
				1AAD2F0F2F05FBE3004C1B0A /* Common */,
				1AAD2EF02F05FAB6004C1B0A /* AWDLControl */,
				1AAD2F052F05FAEB004C1B0A /* AWDLControlHelper */,
				1AAD2EEF2F05FAB6004C1B0A /* Products */,
			);
			sourceTree = "<group>";
		};
		1AAD2EEF2F05FAB6004C1B0A /* Products */ = {
			isa = PBXGroup;
			children = (
				1AAD2EEE2F05FAB6004C1B0A /* AWDLControl.app */,
				1AAD2F042F05FAEB004C1B0A /* AWDLControlHelper */,
			);
			name = Products;
			sourceTree = "<group>";
		};
		1AAD2F0F2F05FBE3004C1B0A /* Common */ = {
			isa = PBXGroup;
			children = (
				1AAD2F102F05FBFE004C1B0A /* HelperProtocol.h */,
			);
			path = Common;
			sourceTree = "<group>";
		};
/* End PBXGroup section */

/* Begin PBXNativeTarget section */
		1AAD2EED2F05FAB6004C1B0A /* AWDLControl */ = {
			isa = PBXNativeTarget;
			buildConfigurationList = 1AAD2EFD2F05FAB7004C1B0A /* Build configuration list for PBXNativeTarget "AWDLControl" */;
			buildPhases = (
				1AAD2EEA2F05FAB6004C1B0A /* Sources */,
				1AAD2EEB2F05FAB6004C1B0A /* Frameworks */,
				1AAD2F0C2F05FBAA004C1B0A /* Copy Helper Plist */,
				1AAD2F162F0751E0004C1B0A /* Copy Helper */,
				1AAD2EEC2F05FAB6004C1B0A /* Resources */,
			);
			buildRules = (
			);
			dependencies = (
				1AAD2F152F075146004C1B0A /* PBXTargetDependency */,
			);
			fileSystemSynchronizedGroups = (
				1AAD2EF02F05FAB6004C1B0A /* AWDLControl */,
			);
			name = AWDLControl;
			productName = AWDLControl;
			productReference = 1AAD2EEE2F05FAB6004C1B0A /* AWDLControl.app */;
			productType = "com.apple.product-type.application";
		};
		1AAD2F032F05FAEB004C1B0A /* AWDLControlHelper */ = {
			isa = PBXNativeTarget;
			buildConfigurationList = 1AAD2F082F05FAEB004C1B0A /* Build configuration list for PBXNativeTarget "AWDLControlHelper" */;
			buildPhases = (
				1AAD2F002F05FAEB004C1B0A /* Sources */,
				1AAD2F012F05FAEB004C1B0A /* Frameworks */,
				1AAD2F022F05FAEB004C1B0A /* CopyFiles */,
			);
			buildRules = (
			);
			fileSystemSynchronizedGroups = (
				1AAD2F052F05FAEB004C1B0A /* AWDLControlHelper */,
			);
			name = AWDLControlHelper;
			productName = AWDLControlHelper;
			productReference = 1AAD2F042F05FAEB004C1B0A /* AWDLControlHelper */;
			productType = "com.apple.product-type.tool";
		};
/* End PBXNativeTarget section */

/* Begin PBXProject section */
		1AAD2EE62F05FAB6004C1B0A /* Project object */ = {
			isa = PBXProject;
			attributes = {
				BuildIndependentTargetsInParallel = 1;
				LastUpgradeCheck = 2620;
				TargetAttributes = {
					1AAD2EED2F05FAB6004C1B0A = {
						CreatedOnToolsVersion = 26.2;
						LastSwiftMigration = 2620;
					};
					1AAD2F032F05FAEB004C1B0A = {
						CreatedOnToolsVersion = 26.2;
					};
				};
			};
			buildConfigurationList = 1AAD2EE92F05FAB6004C1B0A /* Build configuration list for PBXProject "AWDLControl" */;
			developmentRegion = en;
			hasScannedForEncodings = 0;
			knownRegions = (
				en,
				Base,
			);
			mainGroup = 1AAD2EE52F05FAB6004C1B0A;
			minimizedProjectReferenceProxies = 1;
			preferredProjectObjectVersion = 90;
			productRefGroup = 1AAD2EEF2F05FAB6004C1B0A /* Products */;
			projectDirPath = "";
			projectRoot = "";
			targets = (
				1AAD2EED2F05FAB6004C1B0A /* AWDLControl */,
				1AAD2F032F05FAEB004C1B0A /* AWDLControlHelper */,
			);
		};
/* End PBXProject section */

/* Begin PBXResourcesBuildPhase section */
		1AAD2EEC2F05FAB6004C1B0A /* Resources */ = {
			isa = PBXResourcesBuildPhase;
			files = (
				1AAE44052F0A097D004A3512 /* README.md in Resources */,
				1AAE440F2F0A1D95004A3512 /* LICENSE.txt in Resources */,
			);
		};
/* End PBXResourcesBuildPhase section */

/* Begin PBXSourcesBuildPhase section */
		1AAD2EEA2F05FAB6004C1B0A /* Sources */ = {
			isa = PBXSourcesBuildPhase;
			files = (
			);
		};
		1AAD2F002F05FAEB004C1B0A /* Sources */ = {
			isa = PBXSourcesBuildPhase;
			files = (
			);
		};
/* End PBXSourcesBuildPhase section */

/* Begin PBXTargetDependency section */
		1AAD2F152F075146004C1B0A /* PBXTargetDependency */ = {
			isa = PBXTargetDependency;
			target = 1AAD2F032F05FAEB004C1B0A /* AWDLControlHelper */;
			targetProxy = 1AAD2F142F075146004C1B0A /* PBXContainerItemProxy */;
		};
/* End PBXTargetDependency section */

/* Begin XCBuildConfiguration section */
		1AAD2EFB2F05FAB7004C1B0A /* Debug configuration for PBXProject "AWDLControl" */ = {
			isa = XCBuildConfiguration;
			buildSettings = {
				ALWAYS_SEARCH_USER_PATHS = NO;
				ASSETCATALOG_COMPILER_GENERATE_SWIFT_ASSET_SYMBOL_EXTENSIONS = YES;
				CLANG_ANALYZER_NONNULL = YES;
				CLANG_ANALYZER_NUMBER_OBJECT_CONVERSION = YES_AGGRESSIVE;
				CLANG_CXX_LANGUAGE_STANDARD = "gnu++20";
				CLANG_ENABLE_MODULES = YES;
				CLANG_ENABLE_OBJC_ARC = YES;
				CLANG_ENABLE_OBJC_WEAK = YES;
				CLANG_WARN_BLOCK_CAPTURE_AUTORELEASING = YES;
				CLANG_WARN_BOOL_CONVERSION = YES;
				CLANG_WARN_COMMA = YES;
				CLANG_WARN_CONSTANT_CONVERSION = YES;
				CLANG_WARN_DEPRECATED_OBJC_IMPLEMENTATIONS = YES;
				CLANG_WARN_DIRECT_OBJC_ISA_USAGE = YES_ERROR;
				CLANG_WARN_DOCUMENTATION_COMMENTS = YES;
				CLANG_WARN_EMPTY_BODY = YES;
				CLANG_WARN_ENUM_CONVERSION = YES;
				CLANG_WARN_INFINITE_RECURSION = YES;
				CLANG_WARN_INT_CONVERSION = YES;
				CLANG_WARN_NON_LITERAL_NULL_CONVERSION = YES;
				CLANG_WARN_OBJC_IMPLICIT_RETAIN_SELF = YES;
				CLANG_WARN_OBJC_LITERAL_CONVERSION = YES;
				CLANG_WARN_OBJC_ROOT_CLASS = YES_ERROR;
				CLANG_WARN_QUOTED_INCLUDE_IN_FRAMEWORK_HEADER = YES;
				CLANG_WARN_RANGE_LOOP_ANALYSIS = YES;
				CLANG_WARN_STRICT_PROTOTYPES = YES;
				CLANG_WARN_SUSPICIOUS_MOVE = YES;
				CLANG_WARN_UNGUARDED_AVAILABILITY = YES_AGGRESSIVE;
				CLANG_WARN_UNREACHABLE_CODE = YES;
				CLANG_WARN__DUPLICATE_METHOD_MATCH = YES;
				COPY_PHASE_STRIP = NO;
				DEBUG_INFORMATION_FORMAT = dwarf;
				DEVELOPMENT_TEAM = H2Q5P3YR67;
				ENABLE_STRICT_OBJC_MSGSEND = YES;
				ENABLE_TESTABILITY = YES;
				ENABLE_USER_SCRIPT_SANDBOXING = YES;
				GCC_C_LANGUAGE_STANDARD = gnu17;
				GCC_DYNAMIC_NO_PIC = NO;
				GCC_NO_COMMON_BLOCKS = YES;
				GCC_OPTIMIZATION_LEVEL = 0;
				GCC_PREPROCESSOR_DEFINITIONS = (
					"DEBUG=1",
					"$(inherited)",
				);
				GCC_WARN_64_TO_32_BIT_CONVERSION = YES;
				GCC_WARN_ABOUT_RETURN_TYPE = YES_ERROR;
				GCC_WARN_UNDECLARED_SELECTOR = YES;
				GCC_WARN_UNINITIALIZED_AUTOS = YES_AGGRESSIVE;
				GCC_WARN_UNUSED_FUNCTION = YES;
				GCC_WARN_UNUSED_VARIABLE = YES;
				LOCALIZATION_PREFERS_STRING_CATALOGS = YES;
				MACOSX_DEPLOYMENT_TARGET = 26.1;
				MTL_ENABLE_DEBUG_INFO = INCLUDE_SOURCE;
				MTL_FAST_MATH = YES;
				ONLY_ACTIVE_ARCH = YES;
				SDKROOT = macosx;
			};
			name = Debug;
		};
		1AAD2EFC2F05FAB7004C1B0A /* Release configuration for PBXProject "AWDLControl" */ = {
			isa = XCBuildConfiguration;
			buildSettings = {
				ALWAYS_SEARCH_USER_PATHS = NO;
				ASSETCATALOG_COMPILER_GENERATE_SWIFT_ASSET_SYMBOL_EXTENSIONS = YES;
				CLANG_ANALYZER_NONNULL = YES;
				CLANG_ANALYZER_NUMBER_OBJECT_CONVERSION = YES_AGGRESSIVE;
				CLANG_CXX_LANGUAGE_STANDARD = "gnu++20";
				CLANG_ENABLE_MODULES = YES;
				CLANG_ENABLE_OBJC_ARC = YES;
				CLANG_ENABLE_OBJC_WEAK = YES;
				CLANG_WARN_BLOCK_CAPTURE_AUTORELEASING = YES;
				CLANG_WARN_BOOL_CONVERSION = YES;
				CLANG_WARN_COMMA = YES;
				CLANG_WARN_CONSTANT_CONVERSION = YES;
				CLANG_WARN_DEPRECATED_OBJC_IMPLEMENTATIONS = YES;
				CLANG_WARN_DIRECT_OBJC_ISA_USAGE = YES_ERROR;
				CLANG_WARN_DOCUMENTATION_COMMENTS = YES;
				CLANG_WARN_EMPTY_BODY = YES;
				CLANG_WARN_ENUM_CONVERSION = YES;
				CLANG_WARN_INFINITE_RECURSION = YES;
				CLANG_WARN_INT_CONVERSION = YES;
				CLANG_WARN_NON_LITERAL_NULL_CONVERSION = YES;
				CLANG_WARN_OBJC_IMPLICIT_RETAIN_SELF = YES;
				CLANG_WARN_OBJC_LITERAL_CONVERSION = YES;
				CLANG_WARN_OBJC_ROOT_CLASS = YES_ERROR;
				CLANG_WARN_QUOTED_INCLUDE_IN_FRAMEWORK_HEADER = YES;
				CLANG_WARN_RANGE_LOOP_ANALYSIS = YES;
				CLANG_WARN_STRICT_PROTOTYPES = YES;
				CLANG_WARN_SUSPICIOUS_MOVE = YES;
				CLANG_WARN_UNGUARDED_AVAILABILITY = YES_AGGRESSIVE;
				CLANG_WARN_UNREACHABLE_CODE = YES;
				CLANG_WARN__DUPLICATE_METHOD_MATCH = YES;
				COPY_PHASE_STRIP = NO;
				DEBUG_INFORMATION_FORMAT = "dwarf-with-dsym";
				DEVELOPMENT_TEAM = H2Q5P3YR67;
				ENABLE_NS_ASSERTIONS = NO;
				ENABLE_STRICT_OBJC_MSGSEND = YES;
				ENABLE_USER_SCRIPT_SANDBOXING = YES;
				GCC_C_LANGUAGE_STANDARD = gnu17;
				GCC_NO_COMMON_BLOCKS = YES;
				GCC_WARN_64_TO_32_BIT_CONVERSION = YES;
				GCC_WARN_ABOUT_RETURN_TYPE = YES_ERROR;
				GCC_WARN_UNDECLARED_SELECTOR = YES;
				GCC_WARN_UNINITIALIZED_AUTOS = YES_AGGRESSIVE;
				GCC_WARN_UNUSED_FUNCTION = YES;
				GCC_WARN_UNUSED_VARIABLE = YES;
				LOCALIZATION_PREFERS_STRING_CATALOGS = YES;
				MACOSX_DEPLOYMENT_TARGET = 26.1;
				MTL_ENABLE_DEBUG_INFO = NO;
				MTL_FAST_MATH = YES;
				SDKROOT = macosx;
			};
			name = Release;
		};
		1AAD2EFE2F05FAB7004C1B0A /* Debug configuration for PBXNativeTarget "AWDLControl" */ = {
			isa = XCBuildConfiguration;
			buildSettings = {
				ASSETCATALOG_COMPILER_APPICON_NAME = AppIcon;
				ASSETCATALOG_COMPILER_GLOBAL_ACCENT_COLOR_NAME = AccentColor;
				CLANG_ENABLE_MODULES = YES;
				CODE_SIGN_ENTITLEMENTS = AWDLControl/AWDLControl.entitlements;
				CODE_SIGN_STYLE = Automatic;
				COMBINE_HIDPI_IMAGES = YES;
				CURRENT_PROJECT_VERSION = 1;
				DEVELOPMENT_TEAM = H2Q5P3YR67;
				ENABLE_APP_SANDBOX = NO;
				ENABLE_HARDENED_RUNTIME = YES;
				ENABLE_USER_SELECTED_FILES = readonly;
				GENERATE_INFOPLIST_FILE = YES;
				INFOPLIST_FILE = AWDLControl/Info.plist;
				INFOPLIST_KEY_CFBundleDisplayName = "AWDL Control";
				INFOPLIST_KEY_LSApplicationCategoryType = "public.app-category.utilities";
				INFOPLIST_KEY_LSUIElement = YES;
				INFOPLIST_KEY_NSHumanReadableCopyright = "";
				INFOPLIST_KEY_NSMainNibFile = MainMenu;
				INFOPLIST_KEY_NSPrincipalClass = NSApplication;
				LD_RUNPATH_SEARCH_PATHS = (
					"$(inherited)",
					"@executable_path/../Frameworks",
				);
				MACOSX_DEPLOYMENT_TARGET = 13.0;
				MARKETING_VERSION = 1.0;
				PRODUCT_BUNDLE_IDENTIFIER = com.jh.AWDLControl;
				PRODUCT_NAME = "$(TARGET_NAME)";
				REGISTER_APP_GROUPS = YES;
				STRING_CATALOG_GENERATE_SYMBOLS = YES;
				SWIFT_EMIT_LOC_STRINGS = YES;
				SWIFT_OPTIMIZATION_LEVEL = "-Onone";
				SWIFT_VERSION = 6.0;
			};
			name = Debug;
		};
		1AAD2EFF2F05FAB7004C1B0A /* Release configuration for PBXNativeTarget "AWDLControl" */ = {
			isa = XCBuildConfiguration;
			buildSettings = {
				ASSETCATALOG_COMPILER_APPICON_NAME = AppIcon;
				ASSETCATALOG_COMPILER_GLOBAL_ACCENT_COLOR_NAME = AccentColor;
				CLANG_ENABLE_MODULES = YES;
				CODE_SIGN_ENTITLEMENTS = AWDLControl/AWDLControl.entitlements;
				CODE_SIGN_STYLE = Automatic;
				COMBINE_HIDPI_IMAGES = YES;
				CURRENT_PROJECT_VERSION = 1;
				DEVELOPMENT_TEAM = H2Q5P3YR67;
				ENABLE_APP_SANDBOX = NO;
				ENABLE_HARDENED_RUNTIME = YES;
				ENABLE_USER_SELECTED_FILES = readonly;
				GENERATE_INFOPLIST_FILE = YES;
				INFOPLIST_FILE = AWDLControl/Info.plist;
				INFOPLIST_KEY_CFBundleDisplayName = "AWDL Control";
				INFOPLIST_KEY_LSApplicationCategoryType = "public.app-category.utilities";
				INFOPLIST_KEY_LSUIElement = YES;
				INFOPLIST_KEY_NSHumanReadableCopyright = "";
				INFOPLIST_KEY_NSMainNibFile = MainMenu;
				INFOPLIST_KEY_NSPrincipalClass = NSApplication;
				LD_RUNPATH_SEARCH_PATHS = (
					"$(inherited)",
					"@executable_path/../Frameworks",
				);
				MACOSX_DEPLOYMENT_TARGET = 13.0;
				MARKETING_VERSION = 1.0;
				PRODUCT_BUNDLE_IDENTIFIER = com.jh.AWDLControl;
				PRODUCT_NAME = "$(TARGET_NAME)";
				REGISTER_APP_GROUPS = YES;
				STRING_CATALOG_GENERATE_SYMBOLS = YES;
				SWIFT_EMIT_LOC_STRINGS = YES;
				SWIFT_VERSION = 6.0;
			};
			name = Release;
		};
		1AAD2F092F05FAEB004C1B0A /* Debug configuration for PBXNativeTarget "AWDLControlHelper" */ = {
			isa = XCBuildConfiguration;
			buildSettings = {
				CODE_SIGN_STYLE = Automatic;
				CREATE_INFOPLIST_SECTION_IN_BINARY = YES;
				DEVELOPMENT_TEAM = H2Q5P3YR67;
				ENABLE_HARDENED_RUNTIME = YES;
				GENERATE_INFOPLIST_FILE = YES;
				INFOPLIST_OUTPUT_FORMAT = binary;
				MACOSX_DEPLOYMENT_TARGET = 13.0;
				PLIST_FILE_OUTPUT_FORMAT = binary;
				PRODUCT_BUNDLE_IDENTIFIER = com.jh.AWDLControl.Helper;
				PRODUCT_NAME = "$(TARGET_NAME)";
				SKIP_INSTALL = YES;
			};
			name = Debug;
		};
		1AAD2F0A2F05FAEB004C1B0A /* Release configuration for PBXNativeTarget "AWDLControlHelper" */ = {
			isa = XCBuildConfiguration;
			buildSettings = {
				CODE_SIGN_STYLE = Automatic;
				CREATE_INFOPLIST_SECTION_IN_BINARY = YES;
				DEVELOPMENT_TEAM = H2Q5P3YR67;
				ENABLE_HARDENED_RUNTIME = YES;
				GENERATE_INFOPLIST_FILE = YES;
				INFOPLIST_OUTPUT_FORMAT = binary;
				MACOSX_DEPLOYMENT_TARGET = 13.0;
				PLIST_FILE_OUTPUT_FORMAT = binary;
				PRODUCT_BUNDLE_IDENTIFIER = com.jh.AWDLControl.Helper;
				PRODUCT_NAME = "$(TARGET_NAME)";
				SKIP_INSTALL = YES;
			};
			name = Release;
		};
/* End XCBuildConfiguration section */

/* Begin XCConfigurationList section */
		1AAD2EE92F05FAB6004C1B0A /* Build configuration list for PBXProject "AWDLControl" */ = {
			isa = XCConfigurationList;
			buildConfigurations = (
				1AAD2EFB2F05FAB7004C1B0A /* Debug configuration for PBXProject "AWDLControl" */,
				1AAD2EFC2F05FAB7004C1B0A /* Release configuration for PBXProject "AWDLControl" */,
			);
			defaultConfigurationName = Release;
		};
		1AAD2EFD2F05FAB7004C1B0A /* Build configuration list for PBXNativeTarget "AWDLControl" */ = {
			isa = XCConfigurationList;
			buildConfigurations = (
				1AAD2EFE2F05FAB7004C1B0A /* Debug configuration for PBXNativeTarget "AWDLControl" */,
				1AAD2EFF2F05FAB7004C1B0A /* Release configuration for PBXNativeTarget "AWDLControl" */,
			);
			defaultConfigurationName = Release;
		};
		1AAD2F082F05FAEB004C1B0A /* Build configuration list for PBXNativeTarget "AWDLControlHelper" */ = {
			isa = XCConfigurationList;
			buildConfigurations = (
				1AAD2F092F05FAEB004C1B0A /* Debug configuration for PBXNativeTarget "AWDLControlHelper" */,
				1AAD2F0A2F05FAEB004C1B0A /* Release configuration for PBXNativeTarget "AWDLControlHelper" */,
			);
			defaultConfigurationName = Release;
		};
/* End XCConfigurationList section */
	};
	rootObject = 1AAD2EE62F05FAB6004C1B0A /* Project object */;
}
