// !$*UTF8*$!
{
	archiveVersion = 1;
	classes = {
	};
	objectVersion = 77;
	objects = {

/* Begin PBXBuildFile section */
		815E03172EAEA562006913A8 /* PingWardenWidget.appex in Embed Foundation Extensions */ = {isa = PBXBuildFile; fileRef = WidgetRef /* PingWardenWidget.appex */; settings = {ATTRIBUTES = (RemoveHeadersOnCopy, ); }; };
		81CB02502F357A9600AB4024 /* Sparkle in Frameworks */ = {isa = PBXBuildFile; productRef = 81CB024F2F357A9600AB4024 /* Sparkle */; };
		Widget001 /* WidgetKit.framework in Frameworks */ = {isa = PBXBuildFile; fileRef = WidgetKitRef /* WidgetKit.framework */; };
		Widget002 /* SwiftUI.framework in Frameworks */ = {isa = PBXBuildFile; fileRef = SwiftUIRef /* SwiftUI.framework */; };
/* End PBXBuildFile section */

/* Begin PBXContainerItemProxy section */
		HelperProxy /* PBXContainerItemProxy */ = {
			isa = PBXContainerItemProxy;
			containerPortal = RootObject /* Project object */;
			proxyType = 1;
			remoteGlobalIDString = HelperTarget;
			remoteInfo = AWDLControlHelper;
		};
		WidgetProxy /* PBXContainerItemProxy */ = {
			isa = PBXContainerItemProxy;
			containerPortal = RootObject /* Project object */;
			proxyType = 1;
			remoteGlobalIDString = WidgetTarget;
			remoteInfo = AWDLControlWidget;
		};
/* End PBXContainerItemProxy section */

/* Begin PBXCopyFilesBuildPhase section */
		WidgetEmbed /* Embed Foundation Extensions */ = {
			isa = PBXCopyFilesBuildPhase;
			buildActionMask = 2147483647;
			dstPath = "";
			dstSubfolderSpec = 13;
			files = (
				815E03172EAEA562006913A8 /* PingWardenWidget.appex in Embed Foundation Extensions */,
			);
			name = "Embed Foundation Extensions";
			runOnlyForDeploymentPostprocessing = 0;
		};
/* End PBXCopyFilesBuildPhase section */

/* Begin PBXFileReference section */
		81A89CFF2F34EADE00B4745F /* install.sh */ = {isa = PBXFileReference; lastKnownFileType = text.script.sh; path = install.sh; sourceTree = "<group>"; };
		81A89D002F34EB0A00B4745F /* README.md */ = {isa = PBXFileReference; lastKnownFileType = net.daringfireball.markdown; path = README.md; sourceTree = "<group>"; };
		81A89D012F34EB2A00B4745F /* create-dmg.sh */ = {isa = PBXFileReference; lastKnownFileType = text.script.sh; path = "create-dmg.sh"; sourceTree = "<group>"; };
		81A89D022F34EB6100B4745F /* TROUBLESHOOTING.md */ = {isa = PBXFileReference; lastKnownFileType = net.daringfireball.markdown; path = TROUBLESHOOTING.md; sourceTree = "<group>"; };
		81A89D032F34EB6F00B4745F /* .githubISSUE_TEMPLATEbug_report.md */ = {isa = PBXFileReference; lastKnownFileType = net.daringfireball.markdown; path = .githubISSUE_TEMPLATEbug_report.md; sourceTree = "<group>"; };
		81A89D042F34EB7700B4745F /* .githubISSUE_TEMPLATEfeature_request.md */ = {isa = PBXFileReference; lastKnownFileType = net.daringfireball.markdown; path = .githubISSUE_TEMPLATEfeature_request.md; sourceTree = "<group>"; };
		81A89D052F34EB8C00B4745F /* QUICKSTART.md */ = {isa = PBXFileReference; lastKnownFileType = net.daringfireball.markdown; path = QUICKSTART.md; sourceTree = "<group>"; };
		AppRef /* Ping Warden.app */ = {isa = PBXFileReference; explicitFileType = wrapper.application; includeInIndex = 0; path = "Ping Warden.app"; sourceTree = BUILT_PRODUCTS_DIR; };
		HelperRef /* PingWardenHelper */ = {isa = PBXFileReference; explicitFileType = "compiled.mach-o.executable"; includeInIndex = 0; path = PingWardenHelper; sourceTree = BUILT_PRODUCTS_DIR; };
		SwiftUIRef /* SwiftUI.framework */ = {isa = PBXFileReference; lastKnownFileType = wrapper.framework; name = SwiftUI.framework; path = System/Library/Frameworks/SwiftUI.framework; sourceTree = SDKROOT; };
		WidgetKitRef /* WidgetKit.framework */ = {isa = PBXFileReference; lastKnownFileType = wrapper.framework; name = WidgetKit.framework; path = System/Library/Frameworks/WidgetKit.framework; sourceTree = SDKROOT; };
		WidgetRef /* PingWardenWidget.appex */ = {isa = PBXFileReference; explicitFileType = "wrapper.app-extension"; includeInIndex = 0; path = PingWardenWidget.appex; sourceTree = BUILT_PRODUCTS_DIR; };
/* End PBXFileReference section */

/* Begin PBXFileSystemSynchronizedBuildFileExceptionSet section */
		8144F2982F11D84B005F44A0 /* Exceptions for "PingWarden" folder in "PingWarden" target */ = {
			isa = PBXFileSystemSynchronizedBuildFileExceptionSet;
			membershipExceptions = (
				Info.plist,
			);
			target = AppTarget /* PingWarden */;
		};
		8144F2992F11D84B005F44A0 /* Exceptions for "PingWardenWidget" folder in "PingWardenWidget" target */ = {
			isa = PBXFileSystemSynchronizedBuildFileExceptionSet;
			membershipExceptions = (
				Info.plist,
			);
			target = WidgetTarget /* PingWardenWidget */;
		};
/* End PBXFileSystemSynchronizedBuildFileExceptionSet section */

/* Begin PBXFileSystemSynchronizedRootGroup section */
		AppGroup /* PingWarden */ = {
			isa = PBXFileSystemSynchronizedRootGroup;
			exceptions = (
				8144F2982F11D84B005F44A0 /* Exceptions for "PingWarden" folder in "PingWarden" target */,
			);
			path = PingWarden;
			sourceTree = "<group>";
		};
		CommonGroup /* Common */ = {
			isa = PBXFileSystemSynchronizedRootGroup;
			path = Common;
			sourceTree = "<group>";
		};
		HelperGroup /* PingWardenHelper */ = {
			isa = PBXFileSystemSynchronizedRootGroup;
			path = PingWardenHelper;
			sourceTree = "<group>";
		};
		WidgetGroup /* PingWardenWidget */ = {
			isa = PBXFileSystemSynchronizedRootGroup;
			exceptions = (
				8144F2992F11D84B005F44A0 /* Exceptions for "PingWardenWidget" folder in "PingWardenWidget" target */,
			);
			path = PingWardenWidget;
			sourceTree = "<group>";
		};
/* End PBXFileSystemSynchronizedRootGroup section */

/* Begin PBXFrameworksBuildPhase section */
		AppFrameworks /* Frameworks */ = {
			isa = PBXFrameworksBuildPhase;
			buildActionMask = 2147483647;
			files = (
				81CB02502F357A9600AB4024 /* Sparkle in Frameworks */,
			);
			runOnlyForDeploymentPostprocessing = 0;
		};
		HelperFrameworks /* Frameworks */ = {
			isa = PBXFrameworksBuildPhase;
			buildActionMask = 2147483647;
			files = (
			);
			runOnlyForDeploymentPostprocessing = 0;
		};
		WidgetFrameworks /* Frameworks */ = {
			isa = PBXFrameworksBuildPhase;
			buildActionMask = 2147483647;
			files = (
				Widget001 /* WidgetKit.framework in Frameworks */,
				Widget002 /* SwiftUI.framework in Frameworks */,
			);
			runOnlyForDeploymentPostprocessing = 0;
		};
/* End PBXFrameworksBuildPhase section */

/* Begin PBXGroup section */
		FrameworksGroup /* Frameworks */ = {
			isa = PBXGroup;
			children = (
				WidgetKitRef /* WidgetKit.framework */,
				SwiftUIRef /* SwiftUI.framework */,
			);
			name = Frameworks;
			sourceTree = "<group>";
		};
		ProductsGroup /* Products */ = {
			isa = PBXGroup;
			children = (
				AppRef /* Ping Warden.app */,
				WidgetRef /* PingWardenWidget.appex */,
				HelperRef /* PingWardenHelper */,
			);
			name = Products;
			sourceTree = "<group>";
		};
		RootGroup = {
			isa = PBXGroup;
			children = (
				AppGroup /* PingWarden */,
				WidgetGroup /* PingWardenWidget */,
				HelperGroup /* PingWardenHelper */,
				CommonGroup /* Common */,
				ProductsGroup /* Products */,
				FrameworksGroup /* Frameworks */,
				81A89CFF2F34EADE00B4745F /* install.sh */,
				81A89D002F34EB0A00B4745F /* README.md */,
				81A89D012F34EB2A00B4745F /* create-dmg.sh */,
				81A89D022F34EB6100B4745F /* TROUBLESHOOTING.md */,
				81A89D032F34EB6F00B4745F /* .githubISSUE_TEMPLATEbug_report.md */,
				81A89D042F34EB7700B4745F /* .githubISSUE_TEMPLATEfeature_request.md */,
				81A89D052F34EB8C00B4745F /* QUICKSTART.md */,
			);
			sourceTree = "<group>";
		};
/* End PBXGroup section */

/* Begin PBXNativeTarget section */
		AppTarget /* PingWarden */ = {
			isa = PBXNativeTarget;
			buildConfigurationList = AppConfigList /* Build configuration list for PBXNativeTarget "PingWarden" */;
			buildPhases = (
				AppSources /* Sources */,
				AppFrameworks /* Frameworks */,
				AppResources /* Resources */,
				WidgetEmbed /* Embed Foundation Extensions */,
				CopyHelperBinary /* Copy Helper Binary */,
				CopyHelperPlist /* Copy Helper Plist */,
			);
			buildRules = (
			);
			dependencies = (
				WidgetDep /* PBXTargetDependency */,
				HelperDep /* PBXTargetDependency */,
			);
			fileSystemSynchronizedGroups = (
				AppGroup /* PingWarden */,
			);
			name = PingWarden;
			packageProductDependencies = (
				81CB024F2F357A9600AB4024 /* Sparkle */,
			);
			productName = AWDLControl;
			productReference = AppRef /* Ping Warden.app */;
			productType = "com.apple.product-type.application";
		};
		HelperTarget /* PingWardenHelper */ = {
			isa = PBXNativeTarget;
			buildConfigurationList = HelperConfigList /* Build configuration list for PBXNativeTarget "PingWardenHelper" */;
			buildPhases = (
				HelperSources /* Sources */,
				HelperFrameworks /* Frameworks */,
			);
			buildRules = (
			);
			dependencies = (
			);
			fileSystemSynchronizedGroups = (
				CommonGroup /* Common */,
				HelperGroup /* PingWardenHelper */,
			);
			name = PingWardenHelper;
			packageProductDependencies = (
			);
			productName = AWDLControlHelper;
			productReference = HelperRef /* PingWardenHelper */;
			productType = "com.apple.product-type.tool";
		};
		WidgetTarget /* PingWardenWidget */ = {
			isa = PBXNativeTarget;
			buildConfigurationList = WidgetConfigList /* Build configuration list for PBXNativeTarget "PingWardenWidget" */;
			buildPhases = (
				WidgetSources /* Sources */,
				WidgetFrameworks /* Frameworks */,
				WidgetResources /* Resources */,
			);
			buildRules = (
			);
			dependencies = (
			);
			fileSystemSynchronizedGroups = (
				WidgetGroup /* PingWardenWidget */,
			);
			name = PingWardenWidget;
			packageProductDependencies = (
			);
			productName = AWDLControlWidget;
			productReference = WidgetRef /* PingWardenWidget.appex */;
			productType = "com.apple.product-type.app-extension";
		};
/* End PBXNativeTarget section */

/* Begin PBXProject section */
		RootObject /* Project object */ = {
			isa = PBXProject;
			attributes = {
				BuildIndependentTargetsInParallel = 1;
				LastSwiftUpdateCheck = 1600;
				LastUpgradeCheck = 2620;
				TargetAttributes = {
					AppTarget = {
						CreatedOnToolsVersion = 16.0;
					};
					HelperTarget = {
						CreatedOnToolsVersion = 16.0;
					};
					WidgetTarget = {
						CreatedOnToolsVersion = 16.0;
					};
				};
			};
			buildConfigurationList = RootConfigList /* Build configuration list for PBXProject "PingWarden" */;
			developmentRegion = en;
			hasScannedForEncodings = 0;
			knownRegions = (
				en,
				Base,
			);
			mainGroup = RootGroup;
			minimizedProjectReferenceProxies = 1;
			packageReferences = (
				81CB024E2F357A9600AB4024 /* XCRemoteSwiftPackageReference "Sparkle" */,
			);
			preferredProjectObjectVersion = 77;
			productRefGroup = ProductsGroup /* Products */;
			projectDirPath = "";
			projectRoot = "";
			targets = (
				AppTarget /* PingWarden */,
				WidgetTarget /* PingWardenWidget */,
				HelperTarget /* PingWardenHelper */,
			);
		};
/* End PBXProject section */

/* Begin PBXResourcesBuildPhase section */
		AppResources /* Resources */ = {
			isa = PBXResourcesBuildPhase;
			buildActionMask = 2147483647;
			files = (
			);
			runOnlyForDeploymentPostprocessing = 0;
		};
		WidgetResources /* Resources */ = {
			isa = PBXResourcesBuildPhase;
			buildActionMask = 2147483647;
			files = (
			);
			runOnlyForDeploymentPostprocessing = 0;
		};
/* End PBXResourcesBuildPhase section */

/* Begin PBXShellScriptBuildPhase section */
		CopyHelperBinary /* Copy Helper Binary */ = {
			isa = PBXShellScriptBuildPhase;
			buildActionMask = 2147483647;
			files = (
			);
			inputPaths = (
				"$(BUILT_PRODUCTS_DIR)/AWDLControlHelper",
			);
			name = "Copy Helper Binary";
			outputPaths = (
				"$(BUILT_PRODUCTS_DIR)/$(CONTENTS_FOLDER_PATH)/MacOS/AWDLControlHelper",
			);
			runOnlyForDeploymentPostprocessing = 0;
			shellPath = /bin/sh;
			shellScript = "cp \"${BUILT_PRODUCTS_DIR}/AWDLControlHelper\" \"${BUILT_PRODUCTS_DIR}/${CONTENTS_FOLDER_PATH}/MacOS/\"\nchmod 755 \"${BUILT_PRODUCTS_DIR}/${CONTENTS_FOLDER_PATH}/MacOS/AWDLControlHelper\"\n";
		};
		CopyHelperPlist /* Copy Helper Plist */ = {
			isa = PBXShellScriptBuildPhase;
			buildActionMask = 2147483647;
			files = (
			);
			inputPaths = (
				"$(​SRCROOT)/​AWDLControl​Helper​/com​.amesvt​.pingwarden​.helper​.plist",
			);
			name = "Copy Helper Plist";
			outputPaths = (
				"$(​BUILT​_​PRODUCTS​_​DIR)/$(​CONTENTS​_​FOLDER​_​PATH)/​Library​/​Launch​Daemons​/com​.amesvt​.pingwarden​.helper​.plist",
			);
			runOnlyForDeploymentPostprocessing = 0;
			shellPath = /bin/sh;
			shellScript = "mkdir -p \"${BUILT_PRODUCTS_DIR}/${CONTENTS_FOLDER_PATH}/Library/LaunchDaemons\"\n   cp \"${SRCROOT}/PingWardenHelper/com.amesvt.pingwarden.helper.plist\" \"${BUILT_PRODUCTS_DIR}/${CONTENTS_FOLDER_PATH}/Library/LaunchDaemons/\"\n";
		};
/* End PBXShellScriptBuildPhase section */

/* Begin PBXSourcesBuildPhase section */
		AppSources /* Sources */ = {
			isa = PBXSourcesBuildPhase;
			buildActionMask = 2147483647;
			files = (
			);
			runOnlyForDeploymentPostprocessing = 0;
		};
		HelperSources /* Sources */ = {
			isa = PBXSourcesBuildPhase;
			buildActionMask = 2147483647;
			files = (
			);
			runOnlyForDeploymentPostprocessing = 0;
		};
		WidgetSources /* Sources */ = {
			isa = PBXSourcesBuildPhase;
			buildActionMask = 2147483647;
			files = (
			);
			runOnlyForDeploymentPostprocessing = 0;
		};
/* End PBXSourcesBuildPhase section */

/* Begin PBXTargetDependency section */
		HelperDep /* PBXTargetDependency */ = {
			isa = PBXTargetDependency;
			target = HelperTarget /* PingWardenHelper */;
			targetProxy = HelperProxy /* PBXContainerItemProxy */;
		};
		WidgetDep /* PBXTargetDependency */ = {
			isa = PBXTargetDependency;
			target = WidgetTarget /* PingWardenWidget */;
			targetProxy = WidgetProxy /* PBXContainerItemProxy */;
		};
/* End PBXTargetDependency section */

/* Begin XCBuildConfiguration section */
		AppDebugConfig /* Debug */ = {
			isa = XCBuildConfiguration;
			buildSettings = {
				ASSETCATALOG_COMPILER_APPICON_NAME = AppIcon;
				CODE_SIGN_ENTITLEMENTS = PingWarden/PingWarden.entitlements;
				CODE_SIGN_IDENTITY = "Apple Development";
				"CODE_SIGN_IDENTITY[sdk=macosx*]" = "Developer ID Application";
				CODE_SIGN_STYLE = Manual;
				COMBINE_HIDPI_IMAGES = YES;
				CURRENT_PROJECT_VERSION = 1;
				DEAD_CODE_STRIPPING = YES;
				DEVELOPMENT_TEAM = "";
				"DEVELOPMENT_TEAM[sdk=macosx*]" = PV3W52NDZ3;
				ENABLE_APP_SANDBOX = NO;
				ENABLE_HARDENED_RUNTIME = YES;
				ENABLE_OUTGOING_NETWORK_CONNECTIONS = YES;
				GENERATE_INFOPLIST_FILE = NO;
				INFOPLIST_FILE = PingWarden/Info.plist;
				INFOPLIST_KEY_LSApplicationCategoryType = "public.app-category.utilities";
				INFOPLIST_KEY_NSHumanReadableCopyright = "";
				INFOPLIST_KEY_NSPrincipalClass = NSApplication;
				LD_RUNPATH_SEARCH_PATHS = (
					"$(inherited)",
					"@executable_path/../Frameworks",
				);
				MACOSX_DEPLOYMENT_TARGET = 13.0;
				MARKETING_VERSION = 2.1.1;
				PRODUCT_BUNDLE_IDENTIFIER = com.amesvt.pingwarden;
				PRODUCT_NAME = "Ping Warden";
				PROVISIONING_PROFILE_SPECIFIER = "";
				REGISTER_APP_GROUPS = YES;
				SDKROOT = macosx;
				SWIFT_EMIT_LOC_STRINGS = YES;
				SWIFT_OBJC_BRIDGING_HEADER = "PingWarden/PingWarden-Bridging-Header.h";
				SWIFT_VERSION = 5.0;
			};
			name = Debug;
		};
		AppReleaseConfig /* Release */ = {
			isa = XCBuildConfiguration;
			buildSettings = {
				ASSETCATALOG_COMPILER_APPICON_NAME = AppIcon;
				CODE_SIGN_ENTITLEMENTS = PingWarden/PingWarden.entitlements;
				CODE_SIGN_IDENTITY = "Apple Development";
				"CODE_SIGN_IDENTITY[sdk=macosx*]" = "Developer ID Application";
				CODE_SIGN_INJECT_BASE_ENTITLEMENTS = NO;
				CODE_SIGN_STYLE = Manual;
				COMBINE_HIDPI_IMAGES = YES;
				CURRENT_PROJECT_VERSION = 1;
				DEAD_CODE_STRIPPING = YES;
				DEVELOPMENT_TEAM = "";
				"DEVELOPMENT_TEAM[sdk=macosx*]" = PV3W52NDZ3;
				ENABLE_APP_SANDBOX = NO;
				ENABLE_DEBUG_DYLIB = NO;
				ENABLE_HARDENED_RUNTIME = YES;
				ENABLE_OUTGOING_NETWORK_CONNECTIONS = YES;
				GENERATE_INFOPLIST_FILE = NO;
				INFOPLIST_FILE = PingWarden/Info.plist;
				INFOPLIST_KEY_LSApplicationCategoryType = "public.app-category.utilities";
				INFOPLIST_KEY_NSHumanReadableCopyright = "";
				INFOPLIST_KEY_NSPrincipalClass = NSApplication;
				LD_RUNPATH_SEARCH_PATHS = (
					"$(inherited)",
					"@executable_path/../Frameworks",
				);
				MACOSX_DEPLOYMENT_TARGET = 13.0;
				MARKETING_VERSION = 2.1.1;
				PRODUCT_BUNDLE_IDENTIFIER = com.amesvt.pingwarden;
				PRODUCT_NAME = "Ping Warden";
				PROVISIONING_PROFILE_SPECIFIER = "";
				REGISTER_APP_GROUPS = YES;
				SDKROOT = macosx;
				SWIFT_EMIT_LOC_STRINGS = YES;
				SWIFT_OBJC_BRIDGING_HEADER = "PingWarden/PingWarden-Bridging-Header.h";
				SWIFT_VERSION = 5.0;
			};
			name = Release;
		};
		HelperDebugConfig /* Debug */ = {
			isa = XCBuildConfiguration;
			buildSettings = {
				"CODE_SIGN_IDENTITY[sdk=macosx*]" = "Developer ID Application";
				CODE_SIGN_INJECT_BASE_ENTITLEMENTS = YES;
				CODE_SIGN_STYLE = Manual;
				CREATE_INFOPLIST_SECTION_IN_BINARY = YES;
				DEAD_CODE_STRIPPING = YES;
				DEVELOPMENT_TEAM = "";
				"DEVELOPMENT_TEAM[sdk=macosx*]" = PV3W52NDZ3;
				ENABLE_HARDENED_RUNTIME = YES;
				INFOPLIST_FILE = PingWarden/Info.plist;
				MACOSX_DEPLOYMENT_TARGET = 13.0;
				PRODUCT_BUNDLE_IDENTIFIER = com.amesvt.pingwarden.helper;
				PRODUCT_NAME = "$(TARGET_NAME)";
				PROVISIONING_PROFILE_SPECIFIER = "";
				SDKROOT = macosx;
			};
			name = Debug;
		};
		HelperReleaseConfig /* Release */ = {
			isa = XCBuildConfiguration;
			buildSettings = {
				"CODE_SIGN_IDENTITY[sdk=macosx*]" = "Developer ID Application";
				CODE_SIGN_INJECT_BASE_ENTITLEMENTS = YES;
				CODE_SIGN_STYLE = Manual;
				CREATE_INFOPLIST_SECTION_IN_BINARY = YES;
				DEAD_CODE_STRIPPING = YES;
				DEVELOPMENT_TEAM = "";
				"DEVELOPMENT_TEAM[sdk=macosx*]" = PV3W52NDZ3;
				ENABLE_HARDENED_RUNTIME = YES;
				INFOPLIST_FILE = PingWarden/Info.plist;
				MACOSX_DEPLOYMENT_TARGET = 13.0;
				PRODUCT_BUNDLE_IDENTIFIER = com.amesvt.pingwarden.helper;
				PRODUCT_NAME = "$(TARGET_NAME)";
				PROVISIONING_PROFILE_SPECIFIER = "";
				SDKROOT = macosx;
			};
			name = Release;
		};
		RootDebugConfig /* Debug */ = {
			isa = XCBuildConfiguration;
			buildSettings = {
				ALWAYS_SEARCH_USER_PATHS = NO;
				ASSETCATALOG_COMPILER_GENERATE_SWIFT_ASSET_SYMBOL_EXTENSIONS = YES;
				CLANG_ANALYZER_NONNULL = YES;
				CLANG_ANALYZER_NUMBER_OBJECT_CONVERSION = YES_AGGRESSIVE;
				CLANG_CXX_LANGUAGE_STANDARD = "gnu++20";
				CLANG_ENABLE_MODULES = YES;
				CLANG_ENABLE_OBJC_ARC = YES;
				CLANG_ENABLE_OBJC_WEAK = YES;
				CLANG_WARN_BLOCK_CAPTURE_AUTORELEASING = YES;
				CLANG_WARN_BOOL_CONVERSION = YES;
				CLANG_WARN_COMMA = YES;
				CLANG_WARN_CONSTANT_CONVERSION = YES;
				CLANG_WARN_DEPRECATED_OBJC_IMPLEMENTATIONS = YES;
				CLANG_WARN_DIRECT_OBJC_ISA_USAGE = YES_ERROR;
				CLANG_WARN_DOCUMENTATION_COMMENTS = YES;
				CLANG_WARN_EMPTY_BODY = YES;
				CLANG_WARN_ENUM_CONVERSION = YES;
				CLANG_WARN_INFINITE_RECURSION = YES;
				CLANG_WARN_INT_CONVERSION = YES;
				CLANG_WARN_NON_LITERAL_NULL_CONVERSION = YES;
				CLANG_WARN_OBJC_IMPLICIT_RETAIN_SELF = YES;
				CLANG_WARN_OBJC_LITERAL_CONVERSION = YES;
				CLANG_WARN_OBJC_ROOT_CLASS = YES_ERROR;
				CLANG_WARN_QUOTED_INCLUDE_IN_FRAMEWORK_HEADER = YES;
				CLANG_WARN_RANGE_LOOP_ANALYSIS = YES;
				CLANG_WARN_STRICT_PROTOTYPES = YES;
				CLANG_WARN_SUSPICIOUS_MOVE = YES;
				CLANG_WARN_UNGUARDED_AVAILABILITY = YES_AGGRESSIVE;
				CLANG_WARN_UNREACHABLE_CODE = YES;
				CLANG_WARN__DUPLICATE_METHOD_MATCH = YES;
				COPY_PHASE_STRIP = NO;
				DEAD_CODE_STRIPPING = YES;
				DEBUG_INFORMATION_FORMAT = dwarf;
				DEVELOPMENT_TEAM = PV3W52NDZ3;
				ENABLE_STRICT_OBJC_MSGSEND = YES;
				ENABLE_TESTABILITY = YES;
				ENABLE_USER_SCRIPT_SANDBOXING = NO;
				GCC_C_LANGUAGE_STANDARD = gnu17;
				GCC_DYNAMIC_NO_PIC = NO;
				GCC_NO_COMMON_BLOCKS = YES;
				GCC_OPTIMIZATION_LEVEL = 0;
				GCC_PREPROCESSOR_DEFINITIONS = (
					"DEBUG=1",
					"$(inherited)",
				);
				GCC_WARN_64_TO_32_BIT_CONVERSION = YES;
				GCC_WARN_ABOUT_RETURN_TYPE = YES_ERROR;
				GCC_WARN_UNDECLARED_SELECTOR = YES;
				GCC_WARN_UNINITIALIZED_AUTOS = YES_AGGRESSIVE;
				GCC_WARN_UNUSED_FUNCTION = YES;
				GCC_WARN_UNUSED_VARIABLE = YES;
				LOCALIZATION_PREFERS_STRING_CATALOGS = YES;
				MTL_ENABLE_DEBUG_INFO = INCLUDE_SOURCE;
				MTL_FAST_MATH = YES;
				ONLY_ACTIVE_ARCH = YES;
				STRING_CATALOG_GENERATE_SYMBOLS = YES;
				SWIFT_ACTIVE_COMPILATION_CONDITIONS = "DEBUG $(inherited)";
				SWIFT_OPTIMIZATION_LEVEL = "-Onone";
			};
			name = Debug;
		};
		RootReleaseConfig /* Release */ = {
			isa = XCBuildConfiguration;
			buildSettings = {
				ALWAYS_SEARCH_USER_PATHS = NO;
				ASSETCATALOG_COMPILER_GENERATE_SWIFT_ASSET_SYMBOL_EXTENSIONS = YES;
				CLANG_ANALYZER_NONNULL = YES;
				CLANG_ANALYZER_NUMBER_OBJECT_CONVERSION = YES_AGGRESSIVE;
				CLANG_CXX_LANGUAGE_STANDARD = "gnu++20";
				CLANG_ENABLE_MODULES = YES;
				CLANG_ENABLE_OBJC_ARC = YES;
				CLANG_ENABLE_OBJC_WEAK = YES;
				CLANG_WARN_BLOCK_CAPTURE_AUTORELEASING = YES;
				CLANG_WARN_BOOL_CONVERSION = YES;
				CLANG_WARN_COMMA = YES;
				CLANG_WARN_CONSTANT_CONVERSION = YES;
				CLANG_WARN_DEPRECATED_OBJC_IMPLEMENTATIONS = YES;
				CLANG_WARN_DIRECT_OBJC_ISA_USAGE = YES_ERROR;
				CLANG_WARN_DOCUMENTATION_COMMENTS = YES;
				CLANG_WARN_EMPTY_BODY = YES;
				CLANG_WARN_ENUM_CONVERSION = YES;
				CLANG_WARN_INFINITE_RECURSION = YES;
				CLANG_WARN_INT_CONVERSION = YES;
				CLANG_WARN_NON_LITERAL_NULL_CONVERSION = YES;
				CLANG_WARN_OBJC_IMPLICIT_RETAIN_SELF = YES;
				CLANG_WARN_OBJC_LITERAL_CONVERSION = YES;
				CLANG_WARN_OBJC_ROOT_CLASS = YES_ERROR;
				CLANG_WARN_QUOTED_INCLUDE_IN_FRAMEWORK_HEADER = YES;
				CLANG_WARN_RANGE_LOOP_ANALYSIS = YES;
				CLANG_WARN_STRICT_PROTOTYPES = YES;
				CLANG_WARN_SUSPICIOUS_MOVE = YES;
				CLANG_WARN_UNGUARDED_AVAILABILITY = YES_AGGRESSIVE;
				CLANG_WARN_UNREACHABLE_CODE = YES;
				CLANG_WARN__DUPLICATE_METHOD_MATCH = YES;
				COPY_PHASE_STRIP = NO;
				DEAD_CODE_STRIPPING = YES;
				DEBUG_INFORMATION_FORMAT = "dwarf-with-dsym";
				DEVELOPMENT_TEAM = PV3W52NDZ3;
				ENABLE_NS_ASSERTIONS = NO;
				ENABLE_STRICT_OBJC_MSGSEND = YES;
				ENABLE_USER_SCRIPT_SANDBOXING = NO;
				GCC_C_LANGUAGE_STANDARD = gnu17;
				GCC_NO_COMMON_BLOCKS = YES;
				GCC_WARN_64_TO_32_BIT_CONVERSION = YES;
				GCC_WARN_ABOUT_RETURN_TYPE = YES_ERROR;
				GCC_WARN_UNDECLARED_SELECTOR = YES;
				GCC_WARN_UNINITIALIZED_AUTOS = YES_AGGRESSIVE;
				GCC_WARN_UNUSED_FUNCTION = YES;
				GCC_WARN_UNUSED_VARIABLE = YES;
				LOCALIZATION_PREFERS_STRING_CATALOGS = YES;
				MTL_ENABLE_DEBUG_INFO = NO;
				MTL_FAST_MATH = YES;
				STRING_CATALOG_GENERATE_SYMBOLS = YES;
				SWIFT_COMPILATION_MODE = wholemodule;
			};
			name = Release;
		};
		WidgetDebugConfig /* Debug */ = {
			isa = XCBuildConfiguration;
			buildSettings = {
				ASSETCATALOG_COMPILER_GLOBAL_ACCENT_COLOR_NAME = AccentColor;
				ASSETCATALOG_COMPILER_WIDGET_BACKGROUND_COLOR_NAME = WidgetBackground;
				CODE_SIGN_ENTITLEMENTS = PingWarden/PingWarden.entitlements;
				"CODE_SIGN_IDENTITY[sdk=macosx*]" = "Developer ID Application";
				CODE_SIGN_STYLE = Manual;
				CURRENT_PROJECT_VERSION = 1;
				DEAD_CODE_STRIPPING = YES;
				DEVELOPMENT_TEAM = "";
				"DEVELOPMENT_TEAM[sdk=macosx*]" = PV3W52NDZ3;
				ENABLE_HARDENED_RUNTIME = YES;
				GENERATE_INFOPLIST_FILE = NO;
				INFOPLIST_FILE = PingWarden/Info.plist;
				INFOPLIST_KEY_CFBundleDisplayName = "Ping Warden";
				INFOPLIST_KEY_NSHumanReadableCopyright = "";
				LD_RUNPATH_SEARCH_PATHS = (
					"$(inherited)",
					"@executable_path/../Frameworks",
					"@executable_path/../../../../Frameworks",
				);
				MACOSX_DEPLOYMENT_TARGET = 26.0;
				MARKETING_VERSION = 2.1.1;
				PRODUCT_BUNDLE_IDENTIFIER = com.amesvt.pingwarden.widget;
				PRODUCT_NAME = "$(TARGET_NAME)";
				PROVISIONING_PROFILE_SPECIFIER = "";
				REGISTER_APP_GROUPS = YES;
				SDKROOT = macosx;
				SKIP_INSTALL = YES;
				SWIFT_EMIT_LOC_STRINGS = YES;
				SWIFT_VERSION = 5.0;
			};
			name = Debug;
		};
		WidgetReleaseConfig /* Release */ = {
			isa = XCBuildConfiguration;
			buildSettings = {
				ASSETCATALOG_COMPILER_GLOBAL_ACCENT_COLOR_NAME = AccentColor;
				ASSETCATALOG_COMPILER_WIDGET_BACKGROUND_COLOR_NAME = WidgetBackground;
				CODE_SIGN_ENTITLEMENTS = PingWarden/PingWarden.entitlements;
				"CODE_SIGN_IDENTITY[sdk=macosx*]" = "Developer ID Application";
				CODE_SIGN_INJECT_BASE_ENTITLEMENTS = NO;
				CODE_SIGN_STYLE = Manual;
				CURRENT_PROJECT_VERSION = 1;
				DEAD_CODE_STRIPPING = YES;
				DEVELOPMENT_TEAM = "";
				"DEVELOPMENT_TEAM[sdk=macosx*]" = PV3W52NDZ3;
				ENABLE_DEBUG_DYLIB = NO;
				ENABLE_HARDENED_RUNTIME = YES;
				GENERATE_INFOPLIST_FILE = NO;
				INFOPLIST_FILE = PingWarden/Info.plist;
				INFOPLIST_KEY_CFBundleDisplayName = "Ping Warden";
				INFOPLIST_KEY_NSHumanReadableCopyright = "";
				LD_RUNPATH_SEARCH_PATHS = (
					"$(inherited)",
					"@executable_path/../Frameworks",
					"@executable_path/../../../../Frameworks",
				);
				MACOSX_DEPLOYMENT_TARGET = 26.0;
				MARKETING_VERSION = 2.1.1;
				PRODUCT_BUNDLE_IDENTIFIER = com.amesvt.pingwarden.widget;
				PRODUCT_NAME = "$(TARGET_NAME)";
				PROVISIONING_PROFILE_SPECIFIER = "";
				REGISTER_APP_GROUPS = YES;
				SDKROOT = macosx;
				SKIP_INSTALL = YES;
				SWIFT_EMIT_LOC_STRINGS = YES;
				SWIFT_VERSION = 5.0;
			};
			name = Release;
		};
/* End XCBuildConfiguration section */

/* Begin XCConfigurationList section */
		AppConfigList /* Build configuration list for PBXNativeTarget "PingWarden" */ = {
			isa = XCConfigurationList;
			buildConfigurations = (
				AppDebugConfig /* Debug */,
				AppReleaseConfig /* Release */,
			);
			defaultConfigurationIsVisible = 0;
			defaultConfigurationName = Release;
		};
		HelperConfigList /* Build configuration list for PBXNativeTarget "PingWardenHelper" */ = {
			isa = XCConfigurationList;
			buildConfigurations = (
				HelperDebugConfig /* Debug */,
				HelperReleaseConfig /* Release */,
			);
			defaultConfigurationIsVisible = 0;
			defaultConfigurationName = Release;
		};
		RootConfigList /* Build configuration list for PBXProject "PingWarden" */ = {
			isa = XCConfigurationList;
			buildConfigurations = (
				RootDebugConfig /* Debug */,
				RootReleaseConfig /* Release */,
			);
			defaultConfigurationIsVisible = 0;
			defaultConfigurationName = Release;
		};
		WidgetConfigList /* Build configuration list for PBXNativeTarget "PingWardenWidget" */ = {
			isa = XCConfigurationList;
			buildConfigurations = (
				WidgetDebugConfig /* Debug */,
				WidgetReleaseConfig /* Release */,
			);
			defaultConfigurationIsVisible = 0;
			defaultConfigurationName = Release;
		};
/* End XCConfigurationList section */

/* Begin XCRemoteSwiftPackageReference section */
		81CB024E2F357A9600AB4024 /* XCRemoteSwiftPackageReference "Sparkle" */ = {
			isa = XCRemoteSwiftPackageReference;
			repositoryURL = "https://github.com/sparkle-project/Sparkle";
			requirement = {
				kind = upToNextMajorVersion;
				minimumVersion = 2.8.1;
			};
		};
/* End XCRemoteSwiftPackageReference section */

/* Begin XCSwiftPackageProductDependency section */
		81CB024F2F357A9600AB4024 /* Sparkle */ = {
			isa = XCSwiftPackageProductDependency;
			package = 81CB024E2F357A9600AB4024 /* XCRemoteSwiftPackageReference "Sparkle" */;
			productName = Sparkle;
		};
/* End XCSwiftPackageProductDependency section */
	};
	rootObject = RootObject /* Project object */;
}
